{
  "name": "palettes",
  "lockfileVersion": 3,
  "requires": true,
  "packages": {
    "": {
      "dependencies": {
        "@dragdroptouch/drag-drop-touch": "^2.0.3",
        "bootstrap-icons": "^1.13.1",
        "d3-color": "^3.1.0"
      }
    },
    "node_modules/@dragdroptouch/drag-drop-touch": {
      "version": "2.0.3",
      "resolved": "https://registry.npmjs.org/@dragdroptouch/drag-drop-touch/-/drag-drop-touch-2.0.3.tgz",
      "integrity": "sha512-4Yv1+S2Yxs/5iYLZyZYobAlCvIJPN6TYBjvJDyI9kH30GfBxA+ffHgKK2l00EyyBlUpB10j8BWAbRsgXRtBbPw==",
      "license": "MIT"
    },
    "node_modules/bootstrap-icons": {
      "version": "1.13.1",
      "resolved": "https://registry.npmjs.org/bootstrap-icons/-/bootstrap-icons-1.13.1.tgz",
      "integrity": "sha512-ijombt4v6bv5CLeXvRWKy7CuM3TRTuPEuGaGKvTV5cz65rQSY8RQ2JcHt6b90cBBAC7s8fsf2EkQDldzCoXUjw==",
      "funding": [
        {
          "type": "github",
          "url": "https://github.com/sponsors/twbs"
        },
        {
          "type": "opencollective",
          "url": "https://opencollective.com/bootstrap"
        }
      ],
      "license": "MIT"
    },
    "node_modules/d3-color": {
      "version": "3.1.0",
      "resolved": "https://registry.npmjs.org/d3-color/-/d3-color-3.1.0.tgz",
      "integrity": "sha512-zg/chbXyeBtMQ1LbD/WSoW2DpC3I0mpmPdW+ynRTj/x2DAWYrIY7qeZIHidozwV24m4iavr15lNwIwLxRmOxhA==",
      "license": "ISC",
      "engines": {
        "node": ">=12"
      }
    }
  }
}
